
Microsoft Visual Studio Solution File, Format Version 12.00
# Visual Studio 2012
Project("{FAE04EC0-301F-11D3-BF4B-00C04F79EFBC}") = "BonusScores", "BonusScores\BonusScores.csproj", "{8850F0B4-27DF-4A34-B681-A9C5D99529A8}"
EndProject
Global
	GlobalSection(SolutionConfigurationPlatforms) = preSolution
		Debug|Any CPU = Debug|Any CPU
		Release|Any CPU = Release|Any CPU
	EndGlobalSection
	GlobalSection(ProjectConfigurationPlatforms) = postSolution
		{8850F0B4-27DF-4A34-B681-A9C5D99529A8}.Debug|Any CPU.ActiveCfg = Debug|Any CPU
		{8850F0B4-27DF-4A34-B681-A9C5D99529A8}.Debug|Any CPU.Build.0 = Debug|Any CPU
		{8850F0B4-27DF-4A34-B681-A9C5D99529A8}.Release|Any CPU.ActiveCfg = Release|Any CPU
		{8850F0B4-27DF-4A34-B681-A9C5D99529A8}.Release|Any CPU.Build.0 = Release|Any CPU
	EndGlobalSection
	GlobalSection(SolutionProperties) = preSolution
		HideSolutionNode = FALSE
	EndGlobalSection
EndGlobal
