
Microsoft Visual Studio Solution File, Format Version 12.00
# Visual Studio 2012
Project("{FAE04EC0-301F-11D3-BF4B-00C04F79EFBC}") = "CirclePoints", "CirclePoints\CirclePoints.csproj", "{95484FE6-E67D-4DEE-9E20-9812F5DBA342}"
EndProject
Global
	GlobalSection(SolutionConfigurationPlatforms) = preSolution
		Debug|Any CPU = Debug|Any CPU
		Release|Any CPU = Release|Any CPU
	EndGlobalSection
	GlobalSection(ProjectConfigurationPlatforms) = postSolution
		{95484FE6-E67D-4DEE-9E20-9812F5DBA342}.Debug|Any CPU.ActiveCfg = Debug|Any CPU
		{95484FE6-E67D-4DEE-9E20-9812F5DBA342}.Debug|Any CPU.Build.0 = Debug|Any CPU
		{95484FE6-E67D-4DEE-9E20-9812F5DBA342}.Release|Any CPU.ActiveCfg = Release|Any CPU
		{95484FE6-E67D-4DEE-9E20-9812F5DBA342}.Release|Any CPU.Build.0 = Release|Any CPU
	EndGlobalSection
	GlobalSection(SolutionProperties) = preSolution
		HideSolutionNode = FALSE
	EndGlobalSection
EndGlobal
