
Microsoft Visual Studio Solution File, Format Version 12.00
# Visual Studio 2012
Project("{FAE04EC0-301F-11D3-BF4B-00C04F79EFBC}") = "NumbersSwitch", "NumbersSwitch\NumbersSwitch.csproj", "{00B0A36C-4B4A-461D-BCAC-8303A572977C}"
EndProject
Global
	GlobalSection(SolutionConfigurationPlatforms) = preSolution
		Debug|Any CPU = Debug|Any CPU
		Release|Any CPU = Release|Any CPU
	EndGlobalSection
	GlobalSection(ProjectConfigurationPlatforms) = postSolution
		{00B0A36C-4B4A-461D-BCAC-8303A572977C}.Debug|Any CPU.ActiveCfg = Debug|Any CPU
		{00B0A36C-4B4A-461D-BCAC-8303A572977C}.Debug|Any CPU.Build.0 = Debug|Any CPU
		{00B0A36C-4B4A-461D-BCAC-8303A572977C}.Release|Any CPU.ActiveCfg = Release|Any CPU
		{00B0A36C-4B4A-461D-BCAC-8303A572977C}.Release|Any CPU.Build.0 = Release|Any CPU
	EndGlobalSection
	GlobalSection(SolutionProperties) = preSolution
		HideSolutionNode = FALSE
	EndGlobalSection
EndGlobal
