
Microsoft Visual Studio Solution File, Format Version 12.00
# Visual Studio 2012
Project("{FAE04EC0-301F-11D3-BF4B-00C04F79EFBC}") = "hexadecimalValue", "hexadecimalValue\hexadecimalValue.csproj", "{F4449BED-1B26-4BED-BC0D-4ABAD8839886}"
EndProject
Global
	GlobalSection(SolutionConfigurationPlatforms) = preSolution
		Debug|Any CPU = Debug|Any CPU
		Release|Any CPU = Release|Any CPU
	EndGlobalSection
	GlobalSection(ProjectConfigurationPlatforms) = postSolution
		{F4449BED-1B26-4BED-BC0D-4ABAD8839886}.Debug|Any CPU.ActiveCfg = Debug|Any CPU
		{F4449BED-1B26-4BED-BC0D-4ABAD8839886}.Debug|Any CPU.Build.0 = Debug|Any CPU
		{F4449BED-1B26-4BED-BC0D-4ABAD8839886}.Release|Any CPU.ActiveCfg = Release|Any CPU
		{F4449BED-1B26-4BED-BC0D-4ABAD8839886}.Release|Any CPU.Build.0 = Release|Any CPU
	EndGlobalSection
	GlobalSection(SolutionProperties) = preSolution
		HideSolutionNode = FALSE
	EndGlobalSection
EndGlobal
