
Microsoft Visual Studio Solution File, Format Version 12.00
# Visual Studio 2012
Project("{FAE04EC0-301F-11D3-BF4B-00C04F79EFBC}") = "QuadraticEqualence", "QuadraticEqualence\QuadraticEqualence.csproj", "{1CFF9751-CC7A-4657-8445-7D8A89E7BDFE}"
EndProject
Global
	GlobalSection(SolutionConfigurationPlatforms) = preSolution
		Debug|Any CPU = Debug|Any CPU
		Release|Any CPU = Release|Any CPU
	EndGlobalSection
	GlobalSection(ProjectConfigurationPlatforms) = postSolution
		{1CFF9751-CC7A-4657-8445-7D8A89E7BDFE}.Debug|Any CPU.ActiveCfg = Debug|Any CPU
		{1CFF9751-CC7A-4657-8445-7D8A89E7BDFE}.Debug|Any CPU.Build.0 = Debug|Any CPU
		{1CFF9751-CC7A-4657-8445-7D8A89E7BDFE}.Release|Any CPU.ActiveCfg = Release|Any CPU
		{1CFF9751-CC7A-4657-8445-7D8A89E7BDFE}.Release|Any CPU.Build.0 = Release|Any CPU
	EndGlobalSection
	GlobalSection(SolutionProperties) = preSolution
		HideSolutionNode = FALSE
	EndGlobalSection
EndGlobal
