
Microsoft Visual Studio Solution File, Format Version 12.00
# Visual Studio 2012
Project("{FAE04EC0-301F-11D3-BF4B-00C04F79EFBC}") = "intDoubleOrString", "intDoubleOrString\intDoubleOrString.csproj", "{C3CA61F1-365E-4DDF-863E-04E5BD0932BB}"
EndProject
Global
	GlobalSection(SolutionConfigurationPlatforms) = preSolution
		Debug|Any CPU = Debug|Any CPU
		Release|Any CPU = Release|Any CPU
	EndGlobalSection
	GlobalSection(ProjectConfigurationPlatforms) = postSolution
		{C3CA61F1-365E-4DDF-863E-04E5BD0932BB}.Debug|Any CPU.ActiveCfg = Debug|Any CPU
		{C3CA61F1-365E-4DDF-863E-04E5BD0932BB}.Debug|Any CPU.Build.0 = Debug|Any CPU
		{C3CA61F1-365E-4DDF-863E-04E5BD0932BB}.Release|Any CPU.ActiveCfg = Release|Any CPU
		{C3CA61F1-365E-4DDF-863E-04E5BD0932BB}.Release|Any CPU.Build.0 = Release|Any CPU
	EndGlobalSection
	GlobalSection(SolutionProperties) = preSolution
		HideSolutionNode = FALSE
	EndGlobalSection
EndGlobal
